
Microsoft Visual Studio Solution File, Format Version 12.00
# Visual Studio Version 17
VisualStudioVersion = 17.7.34031.279
MinimumVisualStudioVersion = 10.0.40219.1
Project("{FAE04EC0-301F-11D3-BF4B-00C04F79EFBC}") = "This is a tet", "This is a tet\This is a tet.csproj", "{BD51550B-979D-4515-B62B-B60015DA6905}"
EndProject
Global
	GlobalSection(SolutionConfigurationPlatforms) = preSolution
		Debug|Any CPU = Debug|Any CPU
		Release|Any CPU = Release|Any CPU
	EndGlobalSection
	GlobalSection(ProjectConfigurationPlatforms) = postSolution
		{BD51550B-979D-4515-B62B-B60015DA6905}.Debug|Any CPU.ActiveCfg = Debug|Any CPU
		{BD51550B-979D-4515-B62B-B60015DA6905}.Debug|Any CPU.Build.0 = Debug|Any CPU
		{BD51550B-979D-4515-B62B-B60015DA6905}.Release|Any CPU.ActiveCfg = Release|Any CPU
		{BD51550B-979D-4515-B62B-B60015DA6905}.Release|Any CPU.Build.0 = Release|Any CPU
	EndGlobalSection
	GlobalSection(SolutionProperties) = preSolution
		HideSolutionNode = FALSE
	EndGlobalSection
	GlobalSection(ExtensibilityGlobals) = postSolution
		SolutionGuid = {1490E210-E42E-48B3-8885-C4823AF5BF54}
	EndGlobalSection
EndGlobal
